
Microsoft Visual Studio Solution File, Format Version 12.00
# Visual Studio Version 16
VisualStudioVersion = 16.0.30503.244
MinimumVisualStudioVersion = 10.0.40219.1
Project("{2150E333-8FDC-42A3-9474-1A3956D46DE8}") = "src", "src", "{61318F10-0DF1-4CD6-B92E-DD4B7BE3F029}"
EndProject
Project("{2150E333-8FDC-42A3-9474-1A3956D46DE8}") = "APIGateways", "APIGateways", "{4BF7FB78-E7ED-4D4E-852D-47F3917E9A0E}"
EndProject
Project("{2150E333-8FDC-42A3-9474-1A3956D46DE8}") = "Services", "Services", "{A860D981-D7A4-4F89-8DDC-B1D5AFB44688}"
EndProject
Project("{2150E333-8FDC-42A3-9474-1A3956D46DE8}") = "Order", "Order", "{E2BD6B13-C019-4859-A109-5F04464799DD}"
EndProject
Project("{2150E333-8FDC-42A3-9474-1A3956D46DE8}") = "Customer", "Customer", "{BFDBE8AE-B5A4-4C09-8D9E-3823EF239F7D}"
EndProject
Project("{2150E333-8FDC-42A3-9474-1A3956D46DE8}") = "Product", "Product", "{9F4FF30C-F9C9-470F-9CEF-5A56B5BD8821}"
EndProject
Project("{2150E333-8FDC-42A3-9474-1A3956D46DE8}") = "Applications", "Applications", "{BDEBD26E-C439-4252-A835-9DAD164CDE3B}"
EndProject
Project("{2150E333-8FDC-42A3-9474-1A3956D46DE8}") = "Web", "Web", "{7C24AB09-7212-45DD-90C8-FCACD2B5FDB0}"
EndProject
Project("{2150E333-8FDC-42A3-9474-1A3956D46DE8}") = "CampingWorld", "CampingWorld", "{DAB62B6E-CAD6-4BA1-9E35-4F19E31F7175}"
EndProject
Project("{9A19103F-16F7-4668-BE54-9A1E7A4F7556}") = "CampingWorld.Web.Application", "src\Applications\Web\CampingWorld\CampingWorld.Web.Application\CampingWorld.Web.Application.csproj", "{12F752DB-BF0E-4C76-8A1B-888B1B0A41D5}"
EndProject
Project("{2150E333-8FDC-42A3-9474-1A3956D46DE8}") = "Web", "Web", "{C3BE2ADF-1D1C-4C5F-A5AE-2A6C77E6C811}"
EndProject
Project("{9A19103F-16F7-4668-BE54-9A1E7A4F7556}") = "CampingWorld.Web.API", "src\APIGateways\Web\CampingWorld.Web.API\CampingWorld.Web.API.csproj", "{6BA62E97-73E9-45F5-A7DC-A30FC7946BB9}"
EndProject
Project("{9A19103F-16F7-4668-BE54-9A1E7A4F7556}") = "Product.Web.Service", "src\Services\Product\Product.Web.Service\Product.Web.Service.csproj", "{5DB6A155-6E92-4453-8DAE-68AE604F7641}"
EndProject
Project("{2150E333-8FDC-42A3-9474-1A3956D46DE8}") = "Libraries", "Libraries", "{55971A1B-D739-4169-A04B-8173433AF989}"
EndProject
Project("{9A19103F-16F7-4668-BE54-9A1E7A4F7556}") = "CampingWorld.Domain", "src\Libraries\CampingWorld.Domain\CampingWorld.Domain.csproj", "{7F5F6D98-8582-4C8D-9AA0-96B50FB39DAC}"
EndProject
Project("{9A19103F-16F7-4668-BE54-9A1E7A4F7556}") = "CampingWorld.Persistence", "src\Libraries\CampingWorld.Persistence\CampingWorld.Persistence.csproj", "{FCC6B0EC-B231-4D89-B16C-92AC84B14C23}"
EndProject
Project("{9A19103F-16F7-4668-BE54-9A1E7A4F7556}") = "Order.Web.Service", "src\Services\Order\Order.Web.Service\Order.Web.Service.csproj", "{B143ED01-B6E4-4A62-B18F-FD61F8ECCBB8}"
EndProject
Project("{9A19103F-16F7-4668-BE54-9A1E7A4F7556}") = "Customer.Web.Service", "src\Services\Customer\Customer.Web.Service\Customer.Web.Service.csproj", "{DDE8EC59-03F9-460F-AAB7-5396DCD2AE05}"
EndProject
Project("{FAE04EC0-301F-11D3-BF4B-00C04F79EFBC}") = "Proto", "src\Libraries\Proto\Proto.csproj", "{0605A253-36F4-45F7-B391-044338E82DE1}"
EndProject
Global
	GlobalSection(SolutionConfigurationPlatforms) = preSolution
		Debug|Any CPU = Debug|Any CPU
		Release|Any CPU = Release|Any CPU
	EndGlobalSection
	GlobalSection(ProjectConfigurationPlatforms) = postSolution
		{12F752DB-BF0E-4C76-8A1B-888B1B0A41D5}.Debug|Any CPU.ActiveCfg = Debug|Any CPU
		{12F752DB-BF0E-4C76-8A1B-888B1B0A41D5}.Debug|Any CPU.Build.0 = Debug|Any CPU
		{12F752DB-BF0E-4C76-8A1B-888B1B0A41D5}.Release|Any CPU.ActiveCfg = Release|Any CPU
		{12F752DB-BF0E-4C76-8A1B-888B1B0A41D5}.Release|Any CPU.Build.0 = Release|Any CPU
		{6BA62E97-73E9-45F5-A7DC-A30FC7946BB9}.Debug|Any CPU.ActiveCfg = Debug|Any CPU
		{6BA62E97-73E9-45F5-A7DC-A30FC7946BB9}.Debug|Any CPU.Build.0 = Debug|Any CPU
		{6BA62E97-73E9-45F5-A7DC-A30FC7946BB9}.Release|Any CPU.ActiveCfg = Release|Any CPU
		{6BA62E97-73E9-45F5-A7DC-A30FC7946BB9}.Release|Any CPU.Build.0 = Release|Any CPU
		{5DB6A155-6E92-4453-8DAE-68AE604F7641}.Debug|Any CPU.ActiveCfg = Debug|Any CPU
		{5DB6A155-6E92-4453-8DAE-68AE604F7641}.Debug|Any CPU.Build.0 = Debug|Any CPU
		{5DB6A155-6E92-4453-8DAE-68AE604F7641}.Release|Any CPU.ActiveCfg = Release|Any CPU
		{5DB6A155-6E92-4453-8DAE-68AE604F7641}.Release|Any CPU.Build.0 = Release|Any CPU
		{7F5F6D98-8582-4C8D-9AA0-96B50FB39DAC}.Debug|Any CPU.ActiveCfg = Debug|Any CPU
		{7F5F6D98-8582-4C8D-9AA0-96B50FB39DAC}.Debug|Any CPU.Build.0 = Debug|Any CPU
		{7F5F6D98-8582-4C8D-9AA0-96B50FB39DAC}.Release|Any CPU.ActiveCfg = Release|Any CPU
		{7F5F6D98-8582-4C8D-9AA0-96B50FB39DAC}.Release|Any CPU.Build.0 = Release|Any CPU
		{FCC6B0EC-B231-4D89-B16C-92AC84B14C23}.Debug|Any CPU.ActiveCfg = Debug|Any CPU
		{FCC6B0EC-B231-4D89-B16C-92AC84B14C23}.Debug|Any CPU.Build.0 = Debug|Any CPU
		{FCC6B0EC-B231-4D89-B16C-92AC84B14C23}.Release|Any CPU.ActiveCfg = Release|Any CPU
		{FCC6B0EC-B231-4D89-B16C-92AC84B14C23}.Release|Any CPU.Build.0 = Release|Any CPU
		{B143ED01-B6E4-4A62-B18F-FD61F8ECCBB8}.Debug|Any CPU.ActiveCfg = Debug|Any CPU
		{B143ED01-B6E4-4A62-B18F-FD61F8ECCBB8}.Debug|Any CPU.Build.0 = Debug|Any CPU
		{B143ED01-B6E4-4A62-B18F-FD61F8ECCBB8}.Release|Any CPU.ActiveCfg = Release|Any CPU
		{B143ED01-B6E4-4A62-B18F-FD61F8ECCBB8}.Release|Any CPU.Build.0 = Release|Any CPU
		{DDE8EC59-03F9-460F-AAB7-5396DCD2AE05}.Debug|Any CPU.ActiveCfg = Debug|Any CPU
		{DDE8EC59-03F9-460F-AAB7-5396DCD2AE05}.Debug|Any CPU.Build.0 = Debug|Any CPU
		{DDE8EC59-03F9-460F-AAB7-5396DCD2AE05}.Release|Any CPU.ActiveCfg = Release|Any CPU
		{DDE8EC59-03F9-460F-AAB7-5396DCD2AE05}.Release|Any CPU.Build.0 = Release|Any CPU
		{0605A253-36F4-45F7-B391-044338E82DE1}.Debug|Any CPU.ActiveCfg = Debug|Any CPU
		{0605A253-36F4-45F7-B391-044338E82DE1}.Debug|Any CPU.Build.0 = Debug|Any CPU
		{0605A253-36F4-45F7-B391-044338E82DE1}.Release|Any CPU.ActiveCfg = Release|Any CPU
		{0605A253-36F4-45F7-B391-044338E82DE1}.Release|Any CPU.Build.0 = Release|Any CPU
	EndGlobalSection
	GlobalSection(SolutionProperties) = preSolution
		HideSolutionNode = FALSE
	EndGlobalSection
	GlobalSection(NestedProjects) = preSolution
		{4BF7FB78-E7ED-4D4E-852D-47F3917E9A0E} = {61318F10-0DF1-4CD6-B92E-DD4B7BE3F029}
		{A860D981-D7A4-4F89-8DDC-B1D5AFB44688} = {61318F10-0DF1-4CD6-B92E-DD4B7BE3F029}
		{E2BD6B13-C019-4859-A109-5F04464799DD} = {A860D981-D7A4-4F89-8DDC-B1D5AFB44688}
		{BFDBE8AE-B5A4-4C09-8D9E-3823EF239F7D} = {A860D981-D7A4-4F89-8DDC-B1D5AFB44688}
		{9F4FF30C-F9C9-470F-9CEF-5A56B5BD8821} = {A860D981-D7A4-4F89-8DDC-B1D5AFB44688}
		{BDEBD26E-C439-4252-A835-9DAD164CDE3B} = {61318F10-0DF1-4CD6-B92E-DD4B7BE3F029}
		{7C24AB09-7212-45DD-90C8-FCACD2B5FDB0} = {BDEBD26E-C439-4252-A835-9DAD164CDE3B}
		{DAB62B6E-CAD6-4BA1-9E35-4F19E31F7175} = {7C24AB09-7212-45DD-90C8-FCACD2B5FDB0}
		{12F752DB-BF0E-4C76-8A1B-888B1B0A41D5} = {DAB62B6E-CAD6-4BA1-9E35-4F19E31F7175}
		{C3BE2ADF-1D1C-4C5F-A5AE-2A6C77E6C811} = {4BF7FB78-E7ED-4D4E-852D-47F3917E9A0E}
		{6BA62E97-73E9-45F5-A7DC-A30FC7946BB9} = {C3BE2ADF-1D1C-4C5F-A5AE-2A6C77E6C811}
		{5DB6A155-6E92-4453-8DAE-68AE604F7641} = {9F4FF30C-F9C9-470F-9CEF-5A56B5BD8821}
		{55971A1B-D739-4169-A04B-8173433AF989} = {61318F10-0DF1-4CD6-B92E-DD4B7BE3F029}
		{7F5F6D98-8582-4C8D-9AA0-96B50FB39DAC} = {55971A1B-D739-4169-A04B-8173433AF989}
		{FCC6B0EC-B231-4D89-B16C-92AC84B14C23} = {55971A1B-D739-4169-A04B-8173433AF989}
		{B143ED01-B6E4-4A62-B18F-FD61F8ECCBB8} = {E2BD6B13-C019-4859-A109-5F04464799DD}
		{DDE8EC59-03F9-460F-AAB7-5396DCD2AE05} = {BFDBE8AE-B5A4-4C09-8D9E-3823EF239F7D}
		{0605A253-36F4-45F7-B391-044338E82DE1} = {55971A1B-D739-4169-A04B-8173433AF989}
	EndGlobalSection
	GlobalSection(ExtensibilityGlobals) = postSolution
		SolutionGuid = {034B8020-2BE1-4C79-8091-B7A86E699908}
	EndGlobalSection
EndGlobal
